
Microsoft Visual Studio Solution File, Format Version 12.00
# Visual Studio Version 17
VisualStudioVersion = 17.8.34322.80
MinimumVisualStudioVersion = 10.0.40219.1
Project("{FAE04EC0-301F-11D3-BF4B-00C04F79EFBC}") = "bookworm", "bookworm\bookworm.csproj", "{86729AE7-B502-4CF2-9151-43C730CC3B7A}"
EndProject
Global
	GlobalSection(SolutionConfigurationPlatforms) = preSolution
		Debug|Any CPU = Debug|Any CPU
		Release|Any CPU = Release|Any CPU
	EndGlobalSection
	GlobalSection(ProjectConfigurationPlatforms) = postSolution
		{86729AE7-B502-4CF2-9151-43C730CC3B7A}.Debug|Any CPU.ActiveCfg = Debug|Any CPU
		{86729AE7-B502-4CF2-9151-43C730CC3B7A}.Debug|Any CPU.Build.0 = Debug|Any CPU
		{86729AE7-B502-4CF2-9151-43C730CC3B7A}.Release|Any CPU.ActiveCfg = Release|Any CPU
		{86729AE7-B502-4CF2-9151-43C730CC3B7A}.Release|Any CPU.Build.0 = Release|Any CPU
	EndGlobalSection
	GlobalSection(SolutionProperties) = preSolution
		HideSolutionNode = FALSE
	EndGlobalSection
	GlobalSection(ExtensibilityGlobals) = postSolution
		SolutionGuid = {862565DA-BCC0-48CF-9CDE-DCFE75F76562}
	EndGlobalSection
EndGlobal
